
Microsoft Visual Studio Solution File, Format Version 12.00
# Visual Studio Version 17
VisualStudioVersion = 17.8.34408.163
MinimumVisualStudioVersion = 10.0.40219.1
Project("{9A19103F-16F7-4668-BE54-9A1E7A4F7556}") = "Accountant.MVC", "Accountant.MVC\Accountant.MVC.csproj", "{471EF229-5893-4491-9B11-184DF698C36E}"
EndProject
Project("{FAE04EC0-301F-11D3-BF4B-00C04F79EFBC}") = "Accountant.DAL", "Accountant.DAL\Accountant.DAL.csproj", "{C405C1CD-DCA7-44A7-BCD2-6C6BDB49DDA7}"
EndProject
Project("{FAE04EC0-301F-11D3-BF4B-00C04F79EFBC}") = "Accountant.BL", "Accountant.BL\Accountant.BL.csproj", "{B331F061-6A10-4936-AF03-CCB719376EF5}"
EndProject
Global
	GlobalSection(SolutionConfigurationPlatforms) = preSolution
		Debug|Any CPU = Debug|Any CPU
		Release|Any CPU = Release|Any CPU
	EndGlobalSection
	GlobalSection(ProjectConfigurationPlatforms) = postSolution
		{471EF229-5893-4491-9B11-184DF698C36E}.Debug|Any CPU.ActiveCfg = Debug|Any CPU
		{471EF229-5893-4491-9B11-184DF698C36E}.Debug|Any CPU.Build.0 = Debug|Any CPU
		{471EF229-5893-4491-9B11-184DF698C36E}.Release|Any CPU.ActiveCfg = Release|Any CPU
		{471EF229-5893-4491-9B11-184DF698C36E}.Release|Any CPU.Build.0 = Release|Any CPU
		{C405C1CD-DCA7-44A7-BCD2-6C6BDB49DDA7}.Debug|Any CPU.ActiveCfg = Debug|Any CPU
		{C405C1CD-DCA7-44A7-BCD2-6C6BDB49DDA7}.Debug|Any CPU.Build.0 = Debug|Any CPU
		{C405C1CD-DCA7-44A7-BCD2-6C6BDB49DDA7}.Release|Any CPU.ActiveCfg = Release|Any CPU
		{C405C1CD-DCA7-44A7-BCD2-6C6BDB49DDA7}.Release|Any CPU.Build.0 = Release|Any CPU
		{B331F061-6A10-4936-AF03-CCB719376EF5}.Debug|Any CPU.ActiveCfg = Debug|Any CPU
		{B331F061-6A10-4936-AF03-CCB719376EF5}.Debug|Any CPU.Build.0 = Debug|Any CPU
		{B331F061-6A10-4936-AF03-CCB719376EF5}.Release|Any CPU.ActiveCfg = Release|Any CPU
		{B331F061-6A10-4936-AF03-CCB719376EF5}.Release|Any CPU.Build.0 = Release|Any CPU
	EndGlobalSection
	GlobalSection(SolutionProperties) = preSolution
		HideSolutionNode = FALSE
	EndGlobalSection
	GlobalSection(ExtensibilityGlobals) = postSolution
		SolutionGuid = {0E2361ED-DB58-44E6-A057-2FF140C97688}
	EndGlobalSection
EndGlobal
